
Microsoft Visual Studio Solution File, Format Version 12.00
# Visual Studio Version 17
VisualStudioVersion = 17.7.34009.444
MinimumVisualStudioVersion = 10.0.40219.1
Project("{2150E333-8FDC-42A3-9474-1A3956D46DE8}") = "Solution", "Solution", "{8A670C0B-FD28-44DE-9F8D-97093D1CC26C}"
	ProjectSection(SolutionItems) = preProject
		..\.gitignore = ..\.gitignore
		..\README.md = ..\README.md
	EndProjectSection
EndProject
Project("{D954291E-2A0B-460D-934E-DC6B0785DB48}") = "Thunder.Apps.SQL.Shared", "Thunder.Apps.SQL\Thunder.Apps.SQL.Shared\Thunder.Apps.SQL.Shared.shproj", "{6279C845-92F8-4333-AB99-3D213163593C}"
EndProject
Project("{9A19103F-16F7-4668-BE54-9A1E7A4F7556}") = "Thunder.Apps.SQL.Mobile", "Thunder.Apps.SQL\Thunder.Apps.SQL.Mobile\Thunder.Apps.SQL.Mobile.csproj", "{5F33A027-39DA-4440-A62C-3F9C8D175A24}"
EndProject
Project("{FAE04EC0-301F-11D3-BF4B-00C04F79EFBC}") = "Thunder.Apps.SQL.Uwp", "Thunder.Apps.SQL\Thunder.Apps.SQL.UWP\Thunder.Apps.SQL.Uwp.csproj", "{24F66E54-76E2-48AD-A3AF-47B7EA5C9F6D}"
EndProject
Project("{9A19103F-16F7-4668-BE54-9A1E7A4F7556}") = "Thunder.Apps.SQL.Skia.Gtk", "Thunder.Apps.SQL\Thunder.Apps.SQL.Skia.Gtk\Thunder.Apps.SQL.Skia.Gtk.csproj", "{A5DBD93A-EAEE-4851-86F6-57167F68A9A3}"
EndProject
Project("{9A19103F-16F7-4668-BE54-9A1E7A4F7556}") = "Thunder.Apps.SQL.Skia.Wpf", "Thunder.Apps.SQL\Thunder.Apps.SQL.Skia.WPF\Thunder.Apps.SQL.Skia.Wpf.csproj", "{1AE798C6-9F24-4698-A1C6-09EFC474B089}"
EndProject
Project("{9A19103F-16F7-4668-BE54-9A1E7A4F7556}") = "Thunder.Apps.SQL.Skia.Linux.FrameBuffer", "Thunder.Apps.SQL\Thunder.Apps.SQL.Skia.Linux.FrameBuffer\Thunder.Apps.SQL.Skia.Linux.FrameBuffer.csproj", "{2F714653-968F-4BC8-9541-77725884324C}"
EndProject
Project("{2150E333-8FDC-42A3-9474-1A3956D46DE8}") = "Thunder.App.Sql", "Thunder.App.Sql", "{FC476616-CEB7-4A62-A50B-232A15855948}"
EndProject
Project("{D954291E-2A0B-460D-934E-DC6B0785DB48}") = "Thunder.Apps.Core.Shared", "Thunder.Apps.Core\Thunder.Apps.Core.Shared.shproj", "{5F52BC5D-0AE7-4C39-9959-A9D4204CFCD6}"
EndProject
Global
	GlobalSection(SolutionConfigurationPlatforms) = preSolution
		Debug|Any CPU = Debug|Any CPU
		Debug|ARM = Debug|ARM
		Debug|ARM64 = Debug|ARM64
		Debug|x64 = Debug|x64
		Debug|x86 = Debug|x86
		Release|Any CPU = Release|Any CPU
		Release|ARM = Release|ARM
		Release|ARM64 = Release|ARM64
		Release|x64 = Release|x64
		Release|x86 = Release|x86
	EndGlobalSection
	GlobalSection(ProjectConfigurationPlatforms) = postSolution
		{5F33A027-39DA-4440-A62C-3F9C8D175A24}.Debug|Any CPU.ActiveCfg = Debug|Any CPU
		{5F33A027-39DA-4440-A62C-3F9C8D175A24}.Debug|Any CPU.Build.0 = Debug|Any CPU
		{5F33A027-39DA-4440-A62C-3F9C8D175A24}.Debug|Any CPU.Deploy.0 = Debug|Any CPU
		{5F33A027-39DA-4440-A62C-3F9C8D175A24}.Debug|ARM.ActiveCfg = Debug|Any CPU
		{5F33A027-39DA-4440-A62C-3F9C8D175A24}.Debug|ARM.Build.0 = Debug|Any CPU
		{5F33A027-39DA-4440-A62C-3F9C8D175A24}.Debug|ARM.Deploy.0 = Debug|Any CPU
		{5F33A027-39DA-4440-A62C-3F9C8D175A24}.Debug|ARM64.ActiveCfg = Debug|Any CPU
		{5F33A027-39DA-4440-A62C-3F9C8D175A24}.Debug|ARM64.Build.0 = Debug|Any CPU
		{5F33A027-39DA-4440-A62C-3F9C8D175A24}.Debug|ARM64.Deploy.0 = Debug|Any CPU
		{5F33A027-39DA-4440-A62C-3F9C8D175A24}.Debug|x64.ActiveCfg = Debug|Any CPU
		{5F33A027-39DA-4440-A62C-3F9C8D175A24}.Debug|x64.Build.0 = Debug|Any CPU
		{5F33A027-39DA-4440-A62C-3F9C8D175A24}.Debug|x64.Deploy.0 = Debug|Any CPU
		{5F33A027-39DA-4440-A62C-3F9C8D175A24}.Debug|x86.ActiveCfg = Debug|Any CPU
		{5F33A027-39DA-4440-A62C-3F9C8D175A24}.Debug|x86.Build.0 = Debug|Any CPU
		{5F33A027-39DA-4440-A62C-3F9C8D175A24}.Debug|x86.Deploy.0 = Debug|Any CPU
		{5F33A027-39DA-4440-A62C-3F9C8D175A24}.Release|Any CPU.ActiveCfg = Release|Any CPU
		{5F33A027-39DA-4440-A62C-3F9C8D175A24}.Release|Any CPU.Build.0 = Release|Any CPU
		{5F33A027-39DA-4440-A62C-3F9C8D175A24}.Release|ARM.ActiveCfg = Release|Any CPU
		{5F33A027-39DA-4440-A62C-3F9C8D175A24}.Release|ARM.Build.0 = Release|Any CPU
		{5F33A027-39DA-4440-A62C-3F9C8D175A24}.Release|ARM.Deploy.0 = Release|Any CPU
		{5F33A027-39DA-4440-A62C-3F9C8D175A24}.Release|ARM64.ActiveCfg = Release|Any CPU
		{5F33A027-39DA-4440-A62C-3F9C8D175A24}.Release|ARM64.Build.0 = Release|Any CPU
		{5F33A027-39DA-4440-A62C-3F9C8D175A24}.Release|ARM64.Deploy.0 = Release|Any CPU
		{5F33A027-39DA-4440-A62C-3F9C8D175A24}.Release|x64.ActiveCfg = Release|Any CPU
		{5F33A027-39DA-4440-A62C-3F9C8D175A24}.Release|x64.Build.0 = Release|Any CPU
		{5F33A027-39DA-4440-A62C-3F9C8D175A24}.Release|x64.Deploy.0 = Release|Any CPU
		{5F33A027-39DA-4440-A62C-3F9C8D175A24}.Release|x86.ActiveCfg = Release|Any CPU
		{5F33A027-39DA-4440-A62C-3F9C8D175A24}.Release|x86.Build.0 = Release|Any CPU
		{5F33A027-39DA-4440-A62C-3F9C8D175A24}.Release|x86.Deploy.0 = Release|Any CPU
		{24F66E54-76E2-48AD-A3AF-47B7EA5C9F6D}.Debug|Any CPU.ActiveCfg = Debug|x86
		{24F66E54-76E2-48AD-A3AF-47B7EA5C9F6D}.Debug|Any CPU.Build.0 = Debug|x86
		{24F66E54-76E2-48AD-A3AF-47B7EA5C9F6D}.Debug|Any CPU.Deploy.0 = Debug|x86
		{24F66E54-76E2-48AD-A3AF-47B7EA5C9F6D}.Debug|ARM.ActiveCfg = Debug|ARM
		{24F66E54-76E2-48AD-A3AF-47B7EA5C9F6D}.Debug|ARM.Build.0 = Debug|ARM
		{24F66E54-76E2-48AD-A3AF-47B7EA5C9F6D}.Debug|ARM.Deploy.0 = Debug|ARM
		{24F66E54-76E2-48AD-A3AF-47B7EA5C9F6D}.Debug|ARM64.ActiveCfg = Debug|ARM64
		{24F66E54-76E2-48AD-A3AF-47B7EA5C9F6D}.Debug|ARM64.Build.0 = Debug|ARM64
		{24F66E54-76E2-48AD-A3AF-47B7EA5C9F6D}.Debug|ARM64.Deploy.0 = Debug|ARM64
		{24F66E54-76E2-48AD-A3AF-47B7EA5C9F6D}.Debug|x64.ActiveCfg = Debug|x64
		{24F66E54-76E2-48AD-A3AF-47B7EA5C9F6D}.Debug|x64.Build.0 = Debug|x64
		{24F66E54-76E2-48AD-A3AF-47B7EA5C9F6D}.Debug|x64.Deploy.0 = Debug|x64
		{24F66E54-76E2-48AD-A3AF-47B7EA5C9F6D}.Debug|x86.ActiveCfg = Debug|x86
		{24F66E54-76E2-48AD-A3AF-47B7EA5C9F6D}.Debug|x86.Build.0 = Debug|x86
		{24F66E54-76E2-48AD-A3AF-47B7EA5C9F6D}.Debug|x86.Deploy.0 = Debug|x86
		{24F66E54-76E2-48AD-A3AF-47B7EA5C9F6D}.Release|Any CPU.ActiveCfg = Release|x86
		{24F66E54-76E2-48AD-A3AF-47B7EA5C9F6D}.Release|Any CPU.Build.0 = Release|x86
		{24F66E54-76E2-48AD-A3AF-47B7EA5C9F6D}.Release|ARM.ActiveCfg = Release|ARM
		{24F66E54-76E2-48AD-A3AF-47B7EA5C9F6D}.Release|ARM.Build.0 = Release|ARM
		{24F66E54-76E2-48AD-A3AF-47B7EA5C9F6D}.Release|ARM.Deploy.0 = Release|ARM
		{24F66E54-76E2-48AD-A3AF-47B7EA5C9F6D}.Release|ARM64.ActiveCfg = Release|ARM64
		{24F66E54-76E2-48AD-A3AF-47B7EA5C9F6D}.Release|ARM64.Build.0 = Release|ARM64
		{24F66E54-76E2-48AD-A3AF-47B7EA5C9F6D}.Release|ARM64.Deploy.0 = Release|ARM64
		{24F66E54-76E2-48AD-A3AF-47B7EA5C9F6D}.Release|x64.ActiveCfg = Release|x64
		{24F66E54-76E2-48AD-A3AF-47B7EA5C9F6D}.Release|x64.Build.0 = Release|x64
		{24F66E54-76E2-48AD-A3AF-47B7EA5C9F6D}.Release|x64.Deploy.0 = Release|x64
		{24F66E54-76E2-48AD-A3AF-47B7EA5C9F6D}.Release|x86.ActiveCfg = Release|x86
		{24F66E54-76E2-48AD-A3AF-47B7EA5C9F6D}.Release|x86.Build.0 = Release|x86
		{24F66E54-76E2-48AD-A3AF-47B7EA5C9F6D}.Release|x86.Deploy.0 = Release|x86
		{A5DBD93A-EAEE-4851-86F6-57167F68A9A3}.Debug|Any CPU.ActiveCfg = Debug|Any CPU
		{A5DBD93A-EAEE-4851-86F6-57167F68A9A3}.Debug|Any CPU.Build.0 = Debug|Any CPU
		{A5DBD93A-EAEE-4851-86F6-57167F68A9A3}.Debug|ARM.ActiveCfg = Debug|Any CPU
		{A5DBD93A-EAEE-4851-86F6-57167F68A9A3}.Debug|ARM.Build.0 = Debug|Any CPU
		{A5DBD93A-EAEE-4851-86F6-57167F68A9A3}.Debug|ARM64.ActiveCfg = Debug|Any CPU
		{A5DBD93A-EAEE-4851-86F6-57167F68A9A3}.Debug|ARM64.Build.0 = Debug|Any CPU
		{A5DBD93A-EAEE-4851-86F6-57167F68A9A3}.Debug|x64.ActiveCfg = Debug|Any CPU
		{A5DBD93A-EAEE-4851-86F6-57167F68A9A3}.Debug|x64.Build.0 = Debug|Any CPU
		{A5DBD93A-EAEE-4851-86F6-57167F68A9A3}.Debug|x86.ActiveCfg = Debug|Any CPU
		{A5DBD93A-EAEE-4851-86F6-57167F68A9A3}.Debug|x86.Build.0 = Debug|Any CPU
		{A5DBD93A-EAEE-4851-86F6-57167F68A9A3}.Release|Any CPU.ActiveCfg = Release|Any CPU
		{A5DBD93A-EAEE-4851-86F6-57167F68A9A3}.Release|Any CPU.Build.0 = Release|Any CPU
		{A5DBD93A-EAEE-4851-86F6-57167F68A9A3}.Release|ARM.ActiveCfg = Release|Any CPU
		{A5DBD93A-EAEE-4851-86F6-57167F68A9A3}.Release|ARM.Build.0 = Release|Any CPU
		{A5DBD93A-EAEE-4851-86F6-57167F68A9A3}.Release|ARM64.ActiveCfg = Release|Any CPU
		{A5DBD93A-EAEE-4851-86F6-57167F68A9A3}.Release|ARM64.Build.0 = Release|Any CPU
		{A5DBD93A-EAEE-4851-86F6-57167F68A9A3}.Release|x64.ActiveCfg = Release|Any CPU
		{A5DBD93A-EAEE-4851-86F6-57167F68A9A3}.Release|x64.Build.0 = Release|Any CPU
		{A5DBD93A-EAEE-4851-86F6-57167F68A9A3}.Release|x86.ActiveCfg = Release|Any CPU
		{A5DBD93A-EAEE-4851-86F6-57167F68A9A3}.Release|x86.Build.0 = Release|Any CPU
		{1AE798C6-9F24-4698-A1C6-09EFC474B089}.Debug|Any CPU.ActiveCfg = Debug|Any CPU
		{1AE798C6-9F24-4698-A1C6-09EFC474B089}.Debug|Any CPU.Build.0 = Debug|Any CPU
		{1AE798C6-9F24-4698-A1C6-09EFC474B089}.Debug|ARM.ActiveCfg = Debug|Any CPU
		{1AE798C6-9F24-4698-A1C6-09EFC474B089}.Debug|ARM.Build.0 = Debug|Any CPU
		{1AE798C6-9F24-4698-A1C6-09EFC474B089}.Debug|ARM64.ActiveCfg = Debug|Any CPU
		{1AE798C6-9F24-4698-A1C6-09EFC474B089}.Debug|ARM64.Build.0 = Debug|Any CPU
		{1AE798C6-9F24-4698-A1C6-09EFC474B089}.Debug|x64.ActiveCfg = Debug|Any CPU
		{1AE798C6-9F24-4698-A1C6-09EFC474B089}.Debug|x64.Build.0 = Debug|Any CPU
		{1AE798C6-9F24-4698-A1C6-09EFC474B089}.Debug|x86.ActiveCfg = Debug|Any CPU
		{1AE798C6-9F24-4698-A1C6-09EFC474B089}.Debug|x86.Build.0 = Debug|Any CPU
		{1AE798C6-9F24-4698-A1C6-09EFC474B089}.Release|Any CPU.ActiveCfg = Release|Any CPU
		{1AE798C6-9F24-4698-A1C6-09EFC474B089}.Release|Any CPU.Build.0 = Release|Any CPU
		{1AE798C6-9F24-4698-A1C6-09EFC474B089}.Release|ARM.ActiveCfg = Release|Any CPU
		{1AE798C6-9F24-4698-A1C6-09EFC474B089}.Release|ARM.Build.0 = Release|Any CPU
		{1AE798C6-9F24-4698-A1C6-09EFC474B089}.Release|ARM64.ActiveCfg = Release|Any CPU
		{1AE798C6-9F24-4698-A1C6-09EFC474B089}.Release|ARM64.Build.0 = Release|Any CPU
		{1AE798C6-9F24-4698-A1C6-09EFC474B089}.Release|x64.ActiveCfg = Release|Any CPU
		{1AE798C6-9F24-4698-A1C6-09EFC474B089}.Release|x64.Build.0 = Release|Any CPU
		{1AE798C6-9F24-4698-A1C6-09EFC474B089}.Release|x86.ActiveCfg = Release|Any CPU
		{1AE798C6-9F24-4698-A1C6-09EFC474B089}.Release|x86.Build.0 = Release|Any CPU
		{2F714653-968F-4BC8-9541-77725884324C}.Debug|Any CPU.ActiveCfg = Debug|Any CPU
		{2F714653-968F-4BC8-9541-77725884324C}.Debug|Any CPU.Build.0 = Debug|Any CPU
		{2F714653-968F-4BC8-9541-77725884324C}.Debug|ARM.ActiveCfg = Debug|Any CPU
		{2F714653-968F-4BC8-9541-77725884324C}.Debug|ARM.Build.0 = Debug|Any CPU
		{2F714653-968F-4BC8-9541-77725884324C}.Debug|ARM64.ActiveCfg = Debug|Any CPU
		{2F714653-968F-4BC8-9541-77725884324C}.Debug|ARM64.Build.0 = Debug|Any CPU
		{2F714653-968F-4BC8-9541-77725884324C}.Debug|x64.ActiveCfg = Debug|Any CPU
		{2F714653-968F-4BC8-9541-77725884324C}.Debug|x64.Build.0 = Debug|Any CPU
		{2F714653-968F-4BC8-9541-77725884324C}.Debug|x86.ActiveCfg = Debug|Any CPU
		{2F714653-968F-4BC8-9541-77725884324C}.Debug|x86.Build.0 = Debug|Any CPU
		{2F714653-968F-4BC8-9541-77725884324C}.Release|Any CPU.ActiveCfg = Release|Any CPU
		{2F714653-968F-4BC8-9541-77725884324C}.Release|Any CPU.Build.0 = Release|Any CPU
		{2F714653-968F-4BC8-9541-77725884324C}.Release|ARM.ActiveCfg = Release|Any CPU
		{2F714653-968F-4BC8-9541-77725884324C}.Release|ARM.Build.0 = Release|Any CPU
		{2F714653-968F-4BC8-9541-77725884324C}.Release|ARM64.ActiveCfg = Release|Any CPU
		{2F714653-968F-4BC8-9541-77725884324C}.Release|ARM64.Build.0 = Release|Any CPU
		{2F714653-968F-4BC8-9541-77725884324C}.Release|x64.ActiveCfg = Release|Any CPU
		{2F714653-968F-4BC8-9541-77725884324C}.Release|x64.Build.0 = Release|Any CPU
		{2F714653-968F-4BC8-9541-77725884324C}.Release|x86.ActiveCfg = Release|Any CPU
		{2F714653-968F-4BC8-9541-77725884324C}.Release|x86.Build.0 = Release|Any CPU
	EndGlobalSection
	GlobalSection(SolutionProperties) = preSolution
		HideSolutionNode = FALSE
	EndGlobalSection
	GlobalSection(NestedProjects) = preSolution
		{6279C845-92F8-4333-AB99-3D213163593C} = {FC476616-CEB7-4A62-A50B-232A15855948}
		{5F33A027-39DA-4440-A62C-3F9C8D175A24} = {FC476616-CEB7-4A62-A50B-232A15855948}
		{24F66E54-76E2-48AD-A3AF-47B7EA5C9F6D} = {FC476616-CEB7-4A62-A50B-232A15855948}
		{A5DBD93A-EAEE-4851-86F6-57167F68A9A3} = {FC476616-CEB7-4A62-A50B-232A15855948}
		{1AE798C6-9F24-4698-A1C6-09EFC474B089} = {FC476616-CEB7-4A62-A50B-232A15855948}
		{2F714653-968F-4BC8-9541-77725884324C} = {FC476616-CEB7-4A62-A50B-232A15855948}
	EndGlobalSection
	GlobalSection(ExtensibilityGlobals) = postSolution
		SolutionGuid = {91BE8B7A-6651-4964-A86F-200D8BD2D0B5}
	EndGlobalSection
	GlobalSection(SharedMSBuildProjectFiles) = preSolution
		Thunder.Apps.Core\Thunder.Apps.Core.Shared.projitems*{1ae798c6-9f24-4698-a1c6-09efc474b089}*SharedItemsImports = 5
		Thunder.Apps.SQL\Thunder.Apps.SQL.Shared\Thunder.Apps.SQL.Shared.projitems*{1ae798c6-9f24-4698-a1c6-09efc474b089}*SharedItemsImports = 5
		Thunder.Apps.Core\Thunder.Apps.Core.Shared.projitems*{24f66e54-76e2-48ad-a3af-47b7ea5c9f6d}*SharedItemsImports = 4
		Thunder.Apps.SQL\Thunder.Apps.SQL.Shared\Thunder.Apps.SQL.Shared.projitems*{24f66e54-76e2-48ad-a3af-47b7ea5c9f6d}*SharedItemsImports = 4
		Thunder.Apps.Core\Thunder.Apps.Core.Shared.projitems*{2f714653-968f-4bc8-9541-77725884324c}*SharedItemsImports = 5
		Thunder.Apps.SQL\Thunder.Apps.SQL.Shared\Thunder.Apps.SQL.Shared.projitems*{2f714653-968f-4bc8-9541-77725884324c}*SharedItemsImports = 5
		Thunder.Apps.Core\Thunder.Apps.Core.Shared.projitems*{5f33a027-39da-4440-a62c-3f9c8d175a24}*SharedItemsImports = 5
		Thunder.Apps.SQL\Thunder.Apps.SQL.Shared\Thunder.Apps.SQL.Shared.projitems*{5f33a027-39da-4440-a62c-3f9c8d175a24}*SharedItemsImports = 5
		Thunder.Apps.Core\Thunder.Apps.Core.Shared.projitems*{5f52bc5d-0ae7-4c39-9959-a9d4204cfcd6}*SharedItemsImports = 13
		Thunder.Apps.SQL\Thunder.Apps.SQL.Shared\Thunder.Apps.SQL.Shared.projitems*{6279c845-92f8-4333-ab99-3d213163593c}*SharedItemsImports = 13
		Thunder.Apps.Core\Thunder.Apps.Core.Shared.projitems*{a5dbd93a-eaee-4851-86f6-57167f68a9a3}*SharedItemsImports = 5
		Thunder.Apps.SQL\Thunder.Apps.SQL.Shared\Thunder.Apps.SQL.Shared.projitems*{a5dbd93a-eaee-4851-86f6-57167f68a9a3}*SharedItemsImports = 5
	EndGlobalSection
EndGlobal
